
Microsoft Visual Studio Solution File, Format Version 12.00
# Visual Studio Version 16
VisualStudioVersion = 16.0.28803.202
MinimumVisualStudioVersion = 10.0.40219.1
Project("{FAE04EC0-301F-11D3-BF4B-00C04F79EFBC}") = "ExampleGraphQL", "ExampleGraphQL\ExampleGraphQL.csproj", "{DFA43BEA-46F5-4F04-8ACF-3392FF4E716F}"
EndProject
Global
	GlobalSection(SolutionConfigurationPlatforms) = preSolution
		Debug|Any CPU = Debug|Any CPU
		Release|Any CPU = Release|Any CPU
	EndGlobalSection
	GlobalSection(ProjectConfigurationPlatforms) = postSolution
		{DFA43BEA-46F5-4F04-8ACF-3392FF4E716F}.Debug|Any CPU.ActiveCfg = Debug|Any CPU
		{DFA43BEA-46F5-4F04-8ACF-3392FF4E716F}.Debug|Any CPU.Build.0 = Debug|Any CPU
		{DFA43BEA-46F5-4F04-8ACF-3392FF4E716F}.Release|Any CPU.ActiveCfg = Release|Any CPU
		{DFA43BEA-46F5-4F04-8ACF-3392FF4E716F}.Release|Any CPU.Build.0 = Release|Any CPU
	EndGlobalSection
	GlobalSection(SolutionProperties) = preSolution
		HideSolutionNode = FALSE
	EndGlobalSection
	GlobalSection(ExtensibilityGlobals) = postSolution
		SolutionGuid = {64F16C9C-D075-482C-B7D4-D77DCD8672E2}
	EndGlobalSection
EndGlobal
